# THIS IS AN AUTOGENERATED FILE. DO NOT EDIT THIS FILE DIRECTLY.
# yarn lockfile v1


highlight.js@^11.5.1:
  version "11.5.1"
  resolved "https://registry.yarnpkg.com/highlight.js/-/highlight.js-11.5.1.tgz#027c24e4509e2f4dcd00b4a6dda542ce0a1f7aea"
  integrity sha512-LKzHqnxr4CrD2YsNoIf/o5nJ09j4yi/GcH5BnYz9UnVpZdS4ucMgvP61TDty5xJcFGRjnH4DpujkS9bHT3hq0Q==

"highlightjs-terraform@https://github.com/highlightjs/highlightjs-terraform.git":
  version "1.0.6"
  resolved "https://github.com/highlightjs/highlightjs-terraform.git#e5e42f6b9ee682f659a7d00d5218204fac7b04a9"
