# THIS IS AN AUTOGENERATED FILE. DO NOT EDIT THIS FILE DIRECTLY.
# yarn lockfile v1


highlight.js@^11.6.0:
  version "11.6.0"
  resolved "https://registry.yarnpkg.com/highlight.js/-/highlight.js-11.6.0.tgz#a50e9da05763f1bb0c1322c8f4f755242cff3f5a"
  integrity sha512-ig1eqDzJaB0pqEvlPVIpSSyMaO92bH1N2rJpLMN/nX396wTpDA4Eq0uK+7I/2XG17pFaaKE0kjV/XPeGt7Evjw==

highlightjs-svelte@^1.0.6:
  version "1.0.6"
  resolved "https://registry.yarnpkg.com/highlightjs-svelte/-/highlightjs-svelte-1.0.6.tgz#e8bfc616478f8acecdef73e7e15a65b083c1ef40"
  integrity sha512-aXuBPz8df3sOXg90q8rRcBLyxIR8ozPU39a6tJ2rpJUjjd9brRIr55aC0IccW4gsPhQxZ+B3rFugdXsg9/ckDw==

typescript@^4.7.4:
  version "4.7.4"
  resolved "https://registry.yarnpkg.com/typescript/-/typescript-4.7.4.tgz#1a88596d1cf47d59507a1bcdfb5b9dfe4d488235"
  integrity sha512-C0WQT0gezHuw6AdY1M2jxUO83Rjf0HP7Sk1DtXj6j1EwkQNZrHAg2XPWlq62oqEhYvONq5pkC2Y9oPljWToLmQ==
